
Microsoft Visual Studio Solution File, Format Version 12.00
# Visual Studio Version 16
VisualStudioVersion = 16.0.28729.10
MinimumVisualStudioVersion = 10.0.40219.1
Project("{FAE04EC0-301F-11D3-BF4B-00C04F79EFBC}") = "TimeSlotEnum", "TimeSlotEnum\TimeSlotEnum.csproj", "{88F14B03-0A8E-47A0-99F8-33ACE7F4CF0C}"
EndProject
Global
	GlobalSection(SolutionConfigurationPlatforms) = preSolution
		Debug|Any CPU = Debug|Any CPU
		Release|Any CPU = Release|Any CPU
	EndGlobalSection
	GlobalSection(ProjectConfigurationPlatforms) = postSolution
		{88F14B03-0A8E-47A0-99F8-33ACE7F4CF0C}.Debug|Any CPU.ActiveCfg = Debug|Any CPU
		{88F14B03-0A8E-47A0-99F8-33ACE7F4CF0C}.Debug|Any CPU.Build.0 = Debug|Any CPU
		{88F14B03-0A8E-47A0-99F8-33ACE7F4CF0C}.Release|Any CPU.ActiveCfg = Release|Any CPU
		{88F14B03-0A8E-47A0-99F8-33ACE7F4CF0C}.Release|Any CPU.Build.0 = Release|Any CPU
	EndGlobalSection
	GlobalSection(SolutionProperties) = preSolution
		HideSolutionNode = FALSE
	EndGlobalSection
	GlobalSection(ExtensibilityGlobals) = postSolution
		SolutionGuid = {A11DC369-9459-47EA-A26C-314831D89646}
	EndGlobalSection
EndGlobal
